
Microsoft Visual Studio Solution File, Format Version 12.00
# Visual Studio Version 16
VisualStudioVersion = 16.0.31424.327
MinimumVisualStudioVersion = 10.0.40219.1
Project("{8BC9CEB8-8B4A-11D0-8D11-00A0C91BC942}") = "binary_tree", "binary_tree\binary_tree.vcxproj", "{FE1806E0-8CA0-4C81-B478-A21BD857F3C9}"
EndProject
Project("{8BC9CEB8-8B4A-11D0-8D11-00A0C91BC942}") = "binary_tree_c", "binary_tree_c\binary_tree_c.vcxproj", "{A54E48F7-B14E-49A2-8D44-14978BD7007F}"
EndProject
Global
	GlobalSection(SolutionConfigurationPlatforms) = preSolution
		Debug|x64 = Debug|x64
		Debug|x86 = Debug|x86
		Release|x64 = Release|x64
		Release|x86 = Release|x86
	EndGlobalSection
	GlobalSection(ProjectConfigurationPlatforms) = postSolution
		{FE1806E0-8CA0-4C81-B478-A21BD857F3C9}.Debug|x64.ActiveCfg = Debug|x64
		{FE1806E0-8CA0-4C81-B478-A21BD857F3C9}.Debug|x64.Build.0 = Debug|x64
		{FE1806E0-8CA0-4C81-B478-A21BD857F3C9}.Debug|x86.ActiveCfg = Debug|Win32
		{FE1806E0-8CA0-4C81-B478-A21BD857F3C9}.Debug|x86.Build.0 = Debug|Win32
		{FE1806E0-8CA0-4C81-B478-A21BD857F3C9}.Release|x64.ActiveCfg = Release|x64
		{FE1806E0-8CA0-4C81-B478-A21BD857F3C9}.Release|x64.Build.0 = Release|x64
		{FE1806E0-8CA0-4C81-B478-A21BD857F3C9}.Release|x86.ActiveCfg = Release|Win32
		{FE1806E0-8CA0-4C81-B478-A21BD857F3C9}.Release|x86.Build.0 = Release|Win32
		{A54E48F7-B14E-49A2-8D44-14978BD7007F}.Debug|x64.ActiveCfg = Debug|x64
		{A54E48F7-B14E-49A2-8D44-14978BD7007F}.Debug|x64.Build.0 = Debug|x64
		{A54E48F7-B14E-49A2-8D44-14978BD7007F}.Debug|x86.ActiveCfg = Debug|Win32
		{A54E48F7-B14E-49A2-8D44-14978BD7007F}.Debug|x86.Build.0 = Debug|Win32
		{A54E48F7-B14E-49A2-8D44-14978BD7007F}.Release|x64.ActiveCfg = Release|x64
		{A54E48F7-B14E-49A2-8D44-14978BD7007F}.Release|x64.Build.0 = Release|x64
		{A54E48F7-B14E-49A2-8D44-14978BD7007F}.Release|x86.ActiveCfg = Release|Win32
		{A54E48F7-B14E-49A2-8D44-14978BD7007F}.Release|x86.Build.0 = Release|Win32
	EndGlobalSection
	GlobalSection(SolutionProperties) = preSolution
		HideSolutionNode = FALSE
	EndGlobalSection
	GlobalSection(ExtensibilityGlobals) = postSolution
		SolutionGuid = {0273902E-9235-4DA8-8C73-927909B19C15}
	EndGlobalSection
EndGlobal
